// !$*UTF8*$!
{
	archiveVersion = 1;
	classes = {
	};
	objectVersion = 46;
	objects = {

/* Begin PBXBuildFile section */
		C01180A01CD49ECF00DF59CA /* sample_poster_342.jpg in Resources */ = {isa = PBXBuildFile; fileRef = C011809E1CD49ECF00DF59CA /* sample_poster_342.jpg */; };
		C01180A11CD49ECF00DF59CA /* sample_backdrop_780.jpg in Resources */ = {isa = PBXBuildFile; fileRef = C011809F1CD49ECF00DF59CA /* sample_backdrop_780.jpg */; };
		C01344041CD4C85900705FCD /* sample_profile_342.jpg in Resources */ = {isa = PBXBuildFile; fileRef = C01344031CD4C85900705FCD /* sample_profile_342.jpg */; };
		C01344061CD4CE1700705FCD /* CastPhotoCollectionViewController.swift in Sources */ = {isa = PBXBuildFile; fileRef = C01344051CD4CE1700705FCD /* CastPhotoCollectionViewController.swift */; };
		C0FE2EE61CD459E000A73CA6 /* AppDelegate.swift in Sources */ = {isa = PBXBuildFile; fileRef = C0FE2EE51CD459E000A73CA6 /* AppDelegate.swift */; };
		C0FE2EE81CD459E000A73CA6 /* MovieListViewController.swift in Sources */ = {isa = PBXBuildFile; fileRef = C0FE2EE71CD459E000A73CA6 /* MovieListViewController.swift */; };
		C0FE2EEA1CD459E000A73CA6 /* DetailViewController.swift in Sources */ = {isa = PBXBuildFile; fileRef = C0FE2EE91CD459E000A73CA6 /* DetailViewController.swift */; };
		C0FE2EED1CD459E000A73CA6 /* Main.storyboard in Resources */ = {isa = PBXBuildFile; fileRef = C0FE2EEB1CD459E000A73CA6 /* Main.storyboard */; };
		C0FE2EEF1CD459E000A73CA6 /* Assets.xcassets in Resources */ = {isa = PBXBuildFile; fileRef = C0FE2EEE1CD459E000A73CA6 /* Assets.xcassets */; };
		C0FE2EF21CD459E000A73CA6 /* LaunchScreen.storyboard in Resources */ = {isa = PBXBuildFile; fileRef = C0FE2EF01CD459E000A73CA6 /* LaunchScreen.storyboard */; };
/* End PBXBuildFile section */

/* Begin PBXFileReference section */
		C011809E1CD49ECF00DF59CA /* sample_poster_342.jpg */ = {isa = PBXFileReference; lastKnownFileType = image.jpeg; path = sample_poster_342.jpg; sourceTree = "<group>"; };
		C011809F1CD49ECF00DF59CA /* sample_backdrop_780.jpg */ = {isa = PBXFileReference; lastKnownFileType = image.jpeg; path = sample_backdrop_780.jpg; sourceTree = "<group>"; };
		C01344031CD4C85900705FCD /* sample_profile_342.jpg */ = {isa = PBXFileReference; lastKnownFileType = image.jpeg; path = sample_profile_342.jpg; sourceTree = "<group>"; };
		C01344051CD4CE1700705FCD /* CastPhotoCollectionViewController.swift */ = {isa = PBXFileReference; fileEncoding = 4; lastKnownFileType = sourcecode.swift; path = CastPhotoCollectionViewController.swift; sourceTree = "<group>"; };
		C0FE2EE21CD459E000A73CA6 /* BadFlix.app */ = {isa = PBXFileReference; explicitFileType = wrapper.application; includeInIndex = 0; path = BadFlix.app; sourceTree = BUILT_PRODUCTS_DIR; };
		C0FE2EE51CD459E000A73CA6 /* AppDelegate.swift */ = {isa = PBXFileReference; lastKnownFileType = sourcecode.swift; path = AppDelegate.swift; sourceTree = "<group>"; };
		C0FE2EE71CD459E000A73CA6 /* MovieListViewController.swift */ = {isa = PBXFileReference; lastKnownFileType = sourcecode.swift; path = MovieListViewController.swift; sourceTree = "<group>"; };
		C0FE2EE91CD459E000A73CA6 /* DetailViewController.swift */ = {isa = PBXFileReference; lastKnownFileType = sourcecode.swift; path = DetailViewController.swift; sourceTree = "<group>"; };
		C0FE2EEC1CD459E000A73CA6 /* Base */ = {isa = PBXFileReference; lastKnownFileType = file.storyboard; name = Base; path = Base.lproj/Main.storyboard; sourceTree = "<group>"; };
		C0FE2EEE1CD459E000A73CA6 /* Assets.xcassets */ = {isa = PBXFileReference; lastKnownFileType = folder.assetcatalog; path = Assets.xcassets; sourceTree = "<group>"; };
		C0FE2EF11CD459E000A73CA6 /* Base */ = {isa = PBXFileReference; lastKnownFileType = file.storyboard; name = Base; path = Base.lproj/LaunchScreen.storyboard; sourceTree = "<group>"; };
		C0FE2EF31CD459E000A73CA6 /* Info.plist */ = {isa = PBXFileReference; lastKnownFileType = text.plist.xml; path = Info.plist; sourceTree = "<group>"; };
/* End PBXFileReference section */

/* Begin PBXFrameworksBuildPhase section */
		C0FE2EDF1CD459E000A73CA6 /* Frameworks */ = {
			isa = PBXFrameworksBuildPhase;
			buildActionMask = 2147483647;
			files = (
			);
			runOnlyForDeploymentPostprocessing = 0;
		};
/* End PBXFrameworksBuildPhase section */

/* Begin PBXGroup section */
		C011809A1CD48C2C00DF59CA /* Controllers */ = {
			isa = PBXGroup;
			children = (
				C01344051CD4CE1700705FCD /* CastPhotoCollectionViewController.swift */,
				C0FE2EE91CD459E000A73CA6 /* DetailViewController.swift */,
				C0FE2EE71CD459E000A73CA6 /* MovieListViewController.swift */,
			);
			path = Controllers;
			sourceTree = "<group>";
		};
		C011809B1CD48C2C00DF59CA /* Views */ = {
			isa = PBXGroup;
			children = (
			);
			path = Views;
			sourceTree = "<group>";
		};
		C011809C1CD48C2C00DF59CA /* Models */ = {
			isa = PBXGroup;
			children = (
			);
			path = Models;
			sourceTree = "<group>";
		};
		C011809D1CD497DA00DF59CA /* Resources */ = {
			isa = PBXGroup;
			children = (
				C01344031CD4C85900705FCD /* sample_profile_342.jpg */,
				C011809E1CD49ECF00DF59CA /* sample_poster_342.jpg */,
				C011809F1CD49ECF00DF59CA /* sample_backdrop_780.jpg */,
			);
			path = Resources;
			sourceTree = "<group>";
		};
		C0FE2ED91CD459E000A73CA6 = {
			isa = PBXGroup;
			children = (
				C0FE2EE41CD459E000A73CA6 /* BadFlix */,
				C0FE2EE31CD459E000A73CA6 /* Products */,
			);
			sourceTree = "<group>";
		};
		C0FE2EE31CD459E000A73CA6 /* Products */ = {
			isa = PBXGroup;
			children = (
				C0FE2EE21CD459E000A73CA6 /* BadFlix.app */,
			);
			name = Products;
			sourceTree = "<group>";
		};
		C0FE2EE41CD459E000A73CA6 /* BadFlix */ = {
			isa = PBXGroup;
			children = (
				C011809D1CD497DA00DF59CA /* Resources */,
				C011809A1CD48C2C00DF59CA /* Controllers */,
				C011809B1CD48C2C00DF59CA /* Views */,
				C011809C1CD48C2C00DF59CA /* Models */,
				C0FE2EE51CD459E000A73CA6 /* AppDelegate.swift */,
				C0FE2EEB1CD459E000A73CA6 /* Main.storyboard */,
				C0FE2EEE1CD459E000A73CA6 /* Assets.xcassets */,
				C0FE2EF01CD459E000A73CA6 /* LaunchScreen.storyboard */,
				C0FE2EF31CD459E000A73CA6 /* Info.plist */,
			);
			path = BadFlix;
			sourceTree = "<group>";
		};
/* End PBXGroup section */

/* Begin PBXNativeTarget section */
		C0FE2EE11CD459E000A73CA6 /* BadFlix */ = {
			isa = PBXNativeTarget;
			buildConfigurationList = C0FE2EF61CD459E000A73CA6 /* Build configuration list for PBXNativeTarget "BadFlix" */;
			buildPhases = (
				C0FE2EDE1CD459E000A73CA6 /* Sources */,
				C0FE2EDF1CD459E000A73CA6 /* Frameworks */,
				C0FE2EE01CD459E000A73CA6 /* Resources */,
			);
			buildRules = (
			);
			dependencies = (
			);
			name = BadFlix;
			productName = BadFlix;
			productReference = C0FE2EE21CD459E000A73CA6 /* BadFlix.app */;
			productType = "com.apple.product-type.application";
		};
/* End PBXNativeTarget section */

/* Begin PBXProject section */
		C0FE2EDA1CD459E000A73CA6 /* Project object */ = {
			isa = PBXProject;
			attributes = {
				LastSwiftUpdateCheck = 0730;
				LastUpgradeCheck = 0730;
				ORGANIZATIONNAME = "Basil Salad Software";
				TargetAttributes = {
					C0FE2EE11CD459E000A73CA6 = {
						CreatedOnToolsVersion = 7.3;
					};
				};
			};
			buildConfigurationList = C0FE2EDD1CD459E000A73CA6 /* Build configuration list for PBXProject "BadFlix" */;
			compatibilityVersion = "Xcode 3.2";
			developmentRegion = English;
			hasScannedForEncodings = 0;
			knownRegions = (
				en,
				Base,
			);
			mainGroup = C0FE2ED91CD459E000A73CA6;
			productRefGroup = C0FE2EE31CD459E000A73CA6 /* Products */;
			projectDirPath = "";
			projectRoot = "";
			targets = (
				C0FE2EE11CD459E000A73CA6 /* BadFlix */,
			);
		};
/* End PBXProject section */

/* Begin PBXResourcesBuildPhase section */
		C0FE2EE01CD459E000A73CA6 /* Resources */ = {
			isa = PBXResourcesBuildPhase;
			buildActionMask = 2147483647;
			files = (
				C01180A11CD49ECF00DF59CA /* sample_backdrop_780.jpg in Resources */,
				C0FE2EF21CD459E000A73CA6 /* LaunchScreen.storyboard in Resources */,
				C0FE2EEF1CD459E000A73CA6 /* Assets.xcassets in Resources */,
				C01180A01CD49ECF00DF59CA /* sample_poster_342.jpg in Resources */,
				C0FE2EED1CD459E000A73CA6 /* Main.storyboard in Resources */,
				C01344041CD4C85900705FCD /* sample_profile_342.jpg in Resources */,
			);
			runOnlyForDeploymentPostprocessing = 0;
		};
/* End PBXResourcesBuildPhase section */

/* Begin PBXSourcesBuildPhase section */
		C0FE2EDE1CD459E000A73CA6 /* Sources */ = {
			isa = PBXSourcesBuildPhase;
			buildActionMask = 2147483647;
			files = (
				C0FE2EEA1CD459E000A73CA6 /* DetailViewController.swift in Sources */,
				C0FE2EE81CD459E000A73CA6 /* MovieListViewController.swift in Sources */,
				C01344061CD4CE1700705FCD /* CastPhotoCollectionViewController.swift in Sources */,
				C0FE2EE61CD459E000A73CA6 /* AppDelegate.swift in Sources */,
			);
			runOnlyForDeploymentPostprocessing = 0;
		};
/* End PBXSourcesBuildPhase section */

/* Begin PBXVariantGroup section */
		C0FE2EEB1CD459E000A73CA6 /* Main.storyboard */ = {
			isa = PBXVariantGroup;
			children = (
				C0FE2EEC1CD459E000A73CA6 /* Base */,
			);
			name = Main.storyboard;
			sourceTree = "<group>";
		};
		C0FE2EF01CD459E000A73CA6 /* LaunchScreen.storyboard */ = {
			isa = PBXVariantGroup;
			children = (
				C0FE2EF11CD459E000A73CA6 /* Base */,
			);
			name = LaunchScreen.storyboard;
			sourceTree = "<group>";
		};
/* End PBXVariantGroup section */

/* Begin XCBuildConfiguration section */
		C0FE2EF41CD459E000A73CA6 /* Debug */ = {
			isa = XCBuildConfiguration;
			buildSettings = {
				ALWAYS_SEARCH_USER_PATHS = NO;
				CLANG_ANALYZER_NONNULL = YES;
				CLANG_CXX_LANGUAGE_STANDARD = "gnu++0x";
				CLANG_CXX_LIBRARY = "libc++";
				CLANG_ENABLE_MODULES = YES;
				CLANG_ENABLE_OBJC_ARC = YES;
				CLANG_WARN_BOOL_CONVERSION = YES;
				CLANG_WARN_CONSTANT_CONVERSION = YES;
				CLANG_WARN_DIRECT_OBJC_ISA_USAGE = YES_ERROR;
				CLANG_WARN_EMPTY_BODY = YES;
				CLANG_WARN_ENUM_CONVERSION = YES;
				CLANG_WARN_INT_CONVERSION = YES;
				CLANG_WARN_OBJC_ROOT_CLASS = YES_ERROR;
				CLANG_WARN_UNREACHABLE_CODE = YES;
				CLANG_WARN__DUPLICATE_METHOD_MATCH = YES;
				"CODE_SIGN_IDENTITY[sdk=iphoneos*]" = "iPhone Developer";
				COPY_PHASE_STRIP = NO;
				DEBUG_INFORMATION_FORMAT = dwarf;
				ENABLE_STRICT_OBJC_MSGSEND = YES;
				ENABLE_TESTABILITY = YES;
				GCC_C_LANGUAGE_STANDARD = gnu99;
				GCC_DYNAMIC_NO_PIC = NO;
				GCC_NO_COMMON_BLOCKS = YES;
				GCC_OPTIMIZATION_LEVEL = 0;
				GCC_PREPROCESSOR_DEFINITIONS = (
					"DEBUG=1",
					"$(inherited)",
				);
				GCC_WARN_64_TO_32_BIT_CONVERSION = YES;
				GCC_WARN_ABOUT_RETURN_TYPE = YES_ERROR;
				GCC_WARN_UNDECLARED_SELECTOR = YES;
				GCC_WARN_UNINITIALIZED_AUTOS = YES_AGGRESSIVE;
				GCC_WARN_UNUSED_FUNCTION = YES;
				GCC_WARN_UNUSED_VARIABLE = YES;
				IPHONEOS_DEPLOYMENT_TARGET = 9.3;
				MTL_ENABLE_DEBUG_INFO = YES;
				ONLY_ACTIVE_ARCH = YES;
				SDKROOT = iphoneos;
				SWIFT_OPTIMIZATION_LEVEL = "-Onone";
				TARGETED_DEVICE_FAMILY = "1,2";
			};
			name = Debug;
		};
		C0FE2EF51CD459E000A73CA6 /* Release */ = {
			isa = XCBuildConfiguration;
			buildSettings = {
				ALWAYS_SEARCH_USER_PATHS = NO;
				CLANG_ANALYZER_NONNULL = YES;
				CLANG_CXX_LANGUAGE_STANDARD = "gnu++0x";
				CLANG_CXX_LIBRARY = "libc++";
				CLANG_ENABLE_MODULES = YES;
				CLANG_ENABLE_OBJC_ARC = YES;
				CLANG_WARN_BOOL_CONVERSION = YES;
				CLANG_WARN_CONSTANT_CONVERSION = YES;
				CLANG_WARN_DIRECT_OBJC_ISA_USAGE = YES_ERROR;
				CLANG_WARN_EMPTY_BODY = YES;
				CLANG_WARN_ENUM_CONVERSION = YES;
				CLANG_WARN_INT_CONVERSION = YES;
				CLANG_WARN_OBJC_ROOT_CLASS = YES_ERROR;
				CLANG_WARN_UNREACHABLE_CODE = YES;
				CLANG_WARN__DUPLICATE_METHOD_MATCH = YES;
				"CODE_SIGN_IDENTITY[sdk=iphoneos*]" = "iPhone Developer";
				COPY_PHASE_STRIP = NO;
				DEBUG_INFORMATION_FORMAT = "dwarf-with-dsym";
				ENABLE_NS_ASSERTIONS = NO;
				ENABLE_STRICT_OBJC_MSGSEND = YES;
				GCC_C_LANGUAGE_STANDARD = gnu99;
				GCC_NO_COMMON_BLOCKS = YES;
				GCC_WARN_64_TO_32_BIT_CONVERSION = YES;
				GCC_WARN_ABOUT_RETURN_TYPE = YES_ERROR;
				GCC_WARN_UNDECLARED_SELECTOR = YES;
				GCC_WARN_UNINITIALIZED_AUTOS = YES_AGGRESSIVE;
				GCC_WARN_UNUSED_FUNCTION = YES;
				GCC_WARN_UNUSED_VARIABLE = YES;
				IPHONEOS_DEPLOYMENT_TARGET = 9.3;
				MTL_ENABLE_DEBUG_INFO = NO;
				SDKROOT = iphoneos;
				TARGETED_DEVICE_FAMILY = "1,2";
				VALIDATE_PRODUCT = YES;
			};
			name = Release;
		};
		C0FE2EF71CD459E000A73CA6 /* Debug */ = {
			isa = XCBuildConfiguration;
			buildSettings = {
				ASSETCATALOG_COMPILER_APPICON_NAME = AppIcon;
				INFOPLIST_FILE = BadFlix/Info.plist;
				LD_RUNPATH_SEARCH_PATHS = "$(inherited) @executable_path/Frameworks";
				PRODUCT_BUNDLE_IDENTIFIER = com.basilsalad.BadFlix;
				PRODUCT_NAME = "$(TARGET_NAME)";
			};
			name = Debug;
		};
		C0FE2EF81CD459E000A73CA6 /* Release */ = {
			isa = XCBuildConfiguration;
			buildSettings = {
				ASSETCATALOG_COMPILER_APPICON_NAME = AppIcon;
				INFOPLIST_FILE = BadFlix/Info.plist;
				LD_RUNPATH_SEARCH_PATHS = "$(inherited) @executable_path/Frameworks";
				PRODUCT_BUNDLE_IDENTIFIER = com.basilsalad.BadFlix;
				PRODUCT_NAME = "$(TARGET_NAME)";
			};
			name = Release;
		};
/* End XCBuildConfiguration section */

/* Begin XCConfigurationList section */
		C0FE2EDD1CD459E000A73CA6 /* Build configuration list for PBXProject "BadFlix" */ = {
			isa = XCConfigurationList;
			buildConfigurations = (
				C0FE2EF41CD459E000A73CA6 /* Debug */,
				C0FE2EF51CD459E000A73CA6 /* Release */,
			);
			defaultConfigurationIsVisible = 0;
			defaultConfigurationName = Release;
		};
		C0FE2EF61CD459E000A73CA6 /* Build configuration list for PBXNativeTarget "BadFlix" */ = {
			isa = XCConfigurationList;
			buildConfigurations = (
				C0FE2EF71CD459E000A73CA6 /* Debug */,
				C0FE2EF81CD459E000A73CA6 /* Release */,
			);
			defaultConfigurationIsVisible = 0;
			defaultConfigurationName = Release;
		};
/* End XCConfigurationList section */
	};
	rootObject = C0FE2EDA1CD459E000A73CA6 /* Project object */;
}
